
Microsoft Visual Studio Solution File, Format Version 11.00
# Visual Studio 2010
Project("{FAE04EC0-301F-11D3-BF4B-00C04F79EFBC}") = "MarkdownSharp", "MarkdownSharp\MarkdownSharp.csproj", "{E9E51AED-15D4-4877-8C9B-3443F895AB91}"
EndProject
Project("{FAE04EC0-301F-11D3-BF4B-00C04F79EFBC}") = "MarkdownSharpTester", "MarkdownSharpTester\MarkdownSharpTester.csproj", "{3AA77F3A-46C5-4F84-9ECE-7E1B70B7A2A9}"
EndProject
Global
	GlobalSection(SolutionConfigurationPlatforms) = preSolution
		Debug|Any CPU = Debug|Any CPU
		Debug|Mixed Platforms = Debug|Mixed Platforms
		Debug|x86 = Debug|x86
		Release|Any CPU = Release|Any CPU
		Release|Mixed Platforms = Release|Mixed Platforms
		Release|x86 = Release|x86
	EndGlobalSection
	GlobalSection(ProjectConfigurationPlatforms) = postSolution
		{E9E51AED-15D4-4877-8C9B-3443F895AB91}.Debug|Any CPU.ActiveCfg = Debug|Any CPU
		{E9E51AED-15D4-4877-8C9B-3443F895AB91}.Debug|Any CPU.Build.0 = Debug|Any CPU
		{E9E51AED-15D4-4877-8C9B-3443F895AB91}.Debug|Mixed Platforms.ActiveCfg = Debug|Any CPU
		{E9E51AED-15D4-4877-8C9B-3443F895AB91}.Debug|Mixed Platforms.Build.0 = Debug|Any CPU
		{E9E51AED-15D4-4877-8C9B-3443F895AB91}.Debug|x86.ActiveCfg = Debug|Any CPU
		{E9E51AED-15D4-4877-8C9B-3443F895AB91}.Release|Any CPU.ActiveCfg = Release|Any CPU
		{E9E51AED-15D4-4877-8C9B-3443F895AB91}.Release|Any CPU.Build.0 = Release|Any CPU
		{E9E51AED-15D4-4877-8C9B-3443F895AB91}.Release|Mixed Platforms.ActiveCfg = Release|Any CPU
		{E9E51AED-15D4-4877-8C9B-3443F895AB91}.Release|Mixed Platforms.Build.0 = Release|Any CPU
		{E9E51AED-15D4-4877-8C9B-3443F895AB91}.Release|x86.ActiveCfg = Release|Any CPU
		{3AA77F3A-46C5-4F84-9ECE-7E1B70B7A2A9}.Debug|Any CPU.ActiveCfg = Debug|x86
		{3AA77F3A-46C5-4F84-9ECE-7E1B70B7A2A9}.Debug|Mixed Platforms.ActiveCfg = Debug|x86
		{3AA77F3A-46C5-4F84-9ECE-7E1B70B7A2A9}.Debug|Mixed Platforms.Build.0 = Debug|x86
		{3AA77F3A-46C5-4F84-9ECE-7E1B70B7A2A9}.Debug|x86.ActiveCfg = Debug|x86
		{3AA77F3A-46C5-4F84-9ECE-7E1B70B7A2A9}.Debug|x86.Build.0 = Debug|x86
		{3AA77F3A-46C5-4F84-9ECE-7E1B70B7A2A9}.Release|Any CPU.ActiveCfg = Release|x86
		{3AA77F3A-46C5-4F84-9ECE-7E1B70B7A2A9}.Release|Mixed Platforms.ActiveCfg = Release|x86
		{3AA77F3A-46C5-4F84-9ECE-7E1B70B7A2A9}.Release|Mixed Platforms.Build.0 = Release|x86
		{3AA77F3A-46C5-4F84-9ECE-7E1B70B7A2A9}.Release|x86.ActiveCfg = Release|x86
		{3AA77F3A-46C5-4F84-9ECE-7E1B70B7A2A9}.Release|x86.Build.0 = Release|x86
	EndGlobalSection
	GlobalSection(SolutionProperties) = preSolution
		HideSolutionNode = FALSE
	EndGlobalSection
EndGlobal
